
Microsoft Visual Studio Solution File, Format Version 12.00
# Visual Studio Version 17
VisualStudioVersion = 17.5.33424.131
MinimumVisualStudioVersion = 10.0.40219.1
Project("{9A19103F-16F7-4668-BE54-9A1E7A4F7556}") = "SystemForm", "SystemForm.csproj", "{F9F8B739-C7C2-412F-9700-B4234ABFAFDF}"
EndProject
Project("{9A19103F-16F7-4668-BE54-9A1E7A4F7556}") = "Dormitory Life Assistant", "..\Dormitory Life Assistant\Dormitory Life Assistant.csproj", "{98ACEC10-26E7-41B4-8C22-6768EB4F725C}"
EndProject
Global
	GlobalSection(SolutionConfigurationPlatforms) = preSolution
		Debug|Any CPU = Debug|Any CPU
		Release|Any CPU = Release|Any CPU
	EndGlobalSection
	GlobalSection(ProjectConfigurationPlatforms) = postSolution
		{F9F8B739-C7C2-412F-9700-B4234ABFAFDF}.Debug|Any CPU.ActiveCfg = Debug|Any CPU
		{F9F8B739-C7C2-412F-9700-B4234ABFAFDF}.Debug|Any CPU.Build.0 = Debug|Any CPU
		{F9F8B739-C7C2-412F-9700-B4234ABFAFDF}.Release|Any CPU.ActiveCfg = Release|Any CPU
		{F9F8B739-C7C2-412F-9700-B4234ABFAFDF}.Release|Any CPU.Build.0 = Release|Any CPU
		{98ACEC10-26E7-41B4-8C22-6768EB4F725C}.Debug|Any CPU.ActiveCfg = Debug|Any CPU
		{98ACEC10-26E7-41B4-8C22-6768EB4F725C}.Debug|Any CPU.Build.0 = Debug|Any CPU
		{98ACEC10-26E7-41B4-8C22-6768EB4F725C}.Release|Any CPU.ActiveCfg = Release|Any CPU
		{98ACEC10-26E7-41B4-8C22-6768EB4F725C}.Release|Any CPU.Build.0 = Release|Any CPU
	EndGlobalSection
	GlobalSection(SolutionProperties) = preSolution
		HideSolutionNode = FALSE
	EndGlobalSection
	GlobalSection(ExtensibilityGlobals) = postSolution
		SolutionGuid = {69FF054C-C98B-4555-9B0A-6F2C02A8AA6F}
	EndGlobalSection
EndGlobal
