
Microsoft Visual Studio Solution File, Format Version 12.00
# Visual Studio Version 17
VisualStudioVersion = 17.5.33516.290
MinimumVisualStudioVersion = 10.0.40219.1
Project("{FAE04EC0-301F-11D3-BF4B-00C04F79EFBC}") = "Dormitory Life Assistant", "Dormitory Life Assistant\Dormitory Life Assistant.csproj", "{625E20CD-A2A4-47C2-A5AA-5C16F5B4B0A9}"
EndProject
Global
	GlobalSection(SolutionConfigurationPlatforms) = preSolution
		Debug|Any CPU = Debug|Any CPU
		Release|Any CPU = Release|Any CPU
	EndGlobalSection
	GlobalSection(ProjectConfigurationPlatforms) = postSolution
		{625E20CD-A2A4-47C2-A5AA-5C16F5B4B0A9}.Debug|Any CPU.ActiveCfg = Debug|Any CPU
		{625E20CD-A2A4-47C2-A5AA-5C16F5B4B0A9}.Debug|Any CPU.Build.0 = Debug|Any CPU
		{625E20CD-A2A4-47C2-A5AA-5C16F5B4B0A9}.Release|Any CPU.ActiveCfg = Release|Any CPU
		{625E20CD-A2A4-47C2-A5AA-5C16F5B4B0A9}.Release|Any CPU.Build.0 = Release|Any CPU
	EndGlobalSection
	GlobalSection(SolutionProperties) = preSolution
		HideSolutionNode = FALSE
	EndGlobalSection
	GlobalSection(ExtensibilityGlobals) = postSolution
		SolutionGuid = {F14DC2E7-B1A5-4379-A309-4DB61CA49796}
	EndGlobalSection
EndGlobal
